// !$*UTF8*$!
{
	archiveVersion = 1;
	classes = { };
	objectVersion = 56;
	objects = {

/* Begin PBXBuildFile section */
		AA0001 = {isa = PBXBuildFile; fileRef = AA1001; };
		AA0002 = {isa = PBXBuildFile; fileRef = AA1002; };
		AA0003 = {isa = PBXBuildFile; fileRef = AA1003; };
		AA0004 = {isa = PBXBuildFile; fileRef = AA1004; };
		AA0005 = {isa = PBXBuildFile; fileRef = AA1005; };
		AA0006 = {isa = PBXBuildFile; fileRef = AA1006; };
		AA0007 = {isa = PBXBuildFile; fileRef = AA1007; };
		AA0008 = {isa = PBXBuildFile; fileRef = AA1008; };
		AA0009 = {isa = PBXBuildFile; fileRef = AA1009; };
		AA0010 = {isa = PBXBuildFile; fileRef = AA1010; };
		AA0011 = {isa = PBXBuildFile; fileRef = AA1011; };
		AA0012 = {isa = PBXBuildFile; fileRef = AA1012; };
		AA0013 = {isa = PBXBuildFile; fileRef = AA1013; };
		AA0014 = {isa = PBXBuildFile; fileRef = AA1014; };
		AA0015 = {isa = PBXBuildFile; fileRef = AA1015; };
		AA0016 = {isa = PBXBuildFile; fileRef = AA1016; };
		AA0017 = {isa = PBXBuildFile; fileRef = AA1017; };
		AA0018 = {isa = PBXBuildFile; fileRef = AA1018; };
		AA0019 = {isa = PBXBuildFile; fileRef = AA1019; };
		AA0020 = {isa = PBXBuildFile; fileRef = AA1020; };
		AA0021 = {isa = PBXBuildFile; fileRef = AA1021; };
		AA0022 = {isa = PBXBuildFile; fileRef = AA1022; };
		AA0023 = {isa = PBXBuildFile; fileRef = AA1023; };
		AA0030 = {isa = PBXBuildFile; fileRef = AA1030; };
		AA0031 = {isa = PBXBuildFile; fileRef = AA1031; };
		BB0001 = {isa = PBXBuildFile; fileRef = BB1001; };
		BB0002 = {isa = PBXBuildFile; fileRef = BB1002; };
		BB0003 = {isa = PBXBuildFile; fileRef = BB1003; };
		BB0004 = {isa = PBXBuildFile; fileRef = BB1004; };
		BB0005 = {isa = PBXBuildFile; fileRef = BB1005; };
		BB0006 = {isa = PBXBuildFile; fileRef = BB1006; };
		BB0007 = {isa = PBXBuildFile; fileRef = BB1007; };
		BB0010 = {isa = PBXBuildFile; fileRef = BB1010; };
		BS0001 = {isa = PBXBuildFile; fileRef = AA1006; };
		BS0002 = {isa = PBXBuildFile; fileRef = AA1007; };
		BS0003 = {isa = PBXBuildFile; fileRef = AA1008; };
		BS0004 = {isa = PBXBuildFile; fileRef = AA1009; };
		BS0005 = {isa = PBXBuildFile; fileRef = AA1010; };
		BS0006 = {isa = PBXBuildFile; fileRef = AA1012; };
		BS0007 = {isa = PBXBuildFile; fileRef = AA1013; };
		BS0008 = {isa = PBXBuildFile; fileRef = AA1016; };
		BS0009 = {isa = PBXBuildFile; fileRef = AA1017; };
		BS0010 = {isa = PBXBuildFile; fileRef = AA1003; };
		BS0011 = {isa = PBXBuildFile; fileRef = AA1004; };
		BS0012 = {isa = PBXBuildFile; fileRef = AA1022; };
/* End PBXBuildFile section */

/* Begin PBXContainerItemProxy section */
		TGT_PROXY = {
			isa = PBXContainerItemProxy;
			containerPortal = PROJECT;
			proxyType = 1;
			remoteGlobalIDString = AA_TGT;
			remoteInfo = PylonRack;
		};
/* End PBXContainerItemProxy section */

/* Begin PBXFileReference section */
		AA0099 = {isa = PBXFileReference; explicitFileType = wrapper.application; includeInIndex = 0; path = PylonRack.app; sourceTree = BUILT_PRODUCTS_DIR; };
		AA1001 = {isa = PBXFileReference; lastKnownFileType = sourcecode.swift; path = PylonRackApp.swift; sourceTree = "<group>"; };
		AA1002 = {isa = PBXFileReference; lastKnownFileType = sourcecode.swift; path = ContentView.swift; sourceTree = "<group>"; };
		AA1003 = {isa = PBXFileReference; lastKnownFileType = sourcecode.swift; path = SettingsStore.swift; sourceTree = "<group>"; };
		AA1004 = {isa = PBXFileReference; lastKnownFileType = sourcecode.swift; path = SystemEnvironment.swift; sourceTree = "<group>"; };
		AA1005 = {isa = PBXFileReference; lastKnownFileType = sourcecode.swift; path = SettingsView.swift; sourceTree = "<group>"; };
		AA1006 = {isa = PBXFileReference; lastKnownFileType = sourcecode.swift; path = Slot.swift; sourceTree = "<group>"; };
		AA1007 = {isa = PBXFileReference; lastKnownFileType = sourcecode.swift; path = SlotStatus.swift; sourceTree = "<group>"; };
		AA1008 = {isa = PBXFileReference; lastKnownFileType = sourcecode.swift; path = SlotManifest.swift; sourceTree = "<group>"; };
		AA1009 = {isa = PBXFileReference; lastKnownFileType = sourcecode.swift; path = SlotConnection.swift; sourceTree = "<group>"; };
		AA1010 = {isa = PBXFileReference; lastKnownFileType = sourcecode.swift; path = SlotProcess.swift; sourceTree = "<group>"; };
		AA1011 = {isa = PBXFileReference; lastKnownFileType = sourcecode.swift; path = SlotRowView.swift; sourceTree = "<group>"; };
		AA1012 = {isa = PBXFileReference; lastKnownFileType = sourcecode.swift; path = RackController.swift; sourceTree = "<group>"; };
		AA1013 = {isa = PBXFileReference; lastKnownFileType = sourcecode.swift; path = RackFolderDelegate.swift; sourceTree = "<group>"; };
		AA1014 = {isa = PBXFileReference; lastKnownFileType = sourcecode.swift; path = RackIconButtonStyle.swift; sourceTree = "<group>"; };
		AA1015 = {isa = PBXFileReference; lastKnownFileType = sourcecode.swift; path = AddSlotView.swift; sourceTree = "<group>"; };
		AA1016 = {isa = PBXFileReference; lastKnownFileType = sourcecode.swift; path = LocalSlotConfig.swift; sourceTree = "<group>"; };
		AA1017 = {isa = PBXFileReference; lastKnownFileType = sourcecode.swift; path = PortFinder.swift; sourceTree = "<group>"; };
		AA1018 = {isa = PBXFileReference; lastKnownFileType = sourcecode.swift; path = LogView.swift; sourceTree = "<group>"; };
		AA1019 = {isa = PBXFileReference; lastKnownFileType = sourcecode.swift; path = StatusBarView.swift; sourceTree = "<group>"; };
		AA1020 = {isa = PBXFileReference; lastKnownFileType = sourcecode.swift; path = SlotControlsView.swift; sourceTree = "<group>"; };
		AA1021 = {isa = PBXFileReference; lastKnownFileType = sourcecode.swift; path = WebViewPanel.swift; sourceTree = "<group>"; };
		AA1022 = {isa = PBXFileReference; lastKnownFileType = sourcecode.swift; path = RackLogEntry.swift; sourceTree = "<group>"; };
		AA1023 = {isa = PBXFileReference; lastKnownFileType = sourcecode.swift; path = RackLogView.swift; sourceTree = "<group>"; };
		AA1030 = {isa = PBXFileReference; lastKnownFileType = folder.assetcatalog; path = Assets.xcassets; sourceTree = "<group>"; };
		AA1031 = {isa = PBXFileReference; lastKnownFileType = image.icns; path = PylonRack.icns; sourceTree = "<group>"; };
		BB0099 = {isa = PBXFileReference; explicitFileType = wrapper.cfbundle; includeInIndex = 0; path = PylonRackTests.xctest; sourceTree = BUILT_PRODUCTS_DIR; };
		BB1001 = {isa = PBXFileReference; lastKnownFileType = sourcecode.swift; path = PylonRackTests.swift; sourceTree = "<group>"; };
		BB1002 = {isa = PBXFileReference; lastKnownFileType = sourcecode.swift; path = MockWSServer.swift; sourceTree = "<group>"; };
		BB1003 = {isa = PBXFileReference; lastKnownFileType = sourcecode.swift; path = SettingsStoreTests.swift; sourceTree = "<group>"; };
		BB1004 = {isa = PBXFileReference; lastKnownFileType = sourcecode.swift; path = SlotManifestTests.swift; sourceTree = "<group>"; };
		BB1005 = {isa = PBXFileReference; lastKnownFileType = sourcecode.swift; path = IncomingMessageTests.swift; sourceTree = "<group>"; };
		BB1006 = {isa = PBXFileReference; lastKnownFileType = sourcecode.swift; path = SlotConnectionTests.swift; sourceTree = "<group>"; };
		BB1007 = {isa = PBXFileReference; lastKnownFileType = sourcecode.swift; path = RackControllerTests.swift; sourceTree = "<group>"; };
		BB1010 = {isa = PBXFileReference; lastKnownFileType = wrapper.framework; name = Network.framework; path = System/Library/Frameworks/Network.framework; sourceTree = SDKROOT; };
/* End PBXFileReference section */

/* Begin PBXFrameworksBuildPhase section */
		AA_FW = { isa = PBXFrameworksBuildPhase; buildActionMask = 2147483647; files = (); runOnlyForDeploymentPostprocessing = 0; };
		BB_FW = { isa = PBXFrameworksBuildPhase; buildActionMask = 2147483647; files = (BB0010,); runOnlyForDeploymentPostprocessing = 0; };
/* End PBXFrameworksBuildPhase section */

/* Begin PBXGroup section */
		ROOT_GRP = {
			isa = PBXGroup;
			children = (APP_GRP, TEST_GRP, FW_GRP, PROD_GRP,);
			sourceTree = "<group>";
		};
		PROD_GRP = { isa = PBXGroup; children = (AA0099, BB0099,); name = Products; sourceTree = "<group>"; };
		APP_GRP = {
			isa = PBXGroup;
			children = (AA1001, AA1002, AA1003, AA1004, AA1005, AA1006, AA1007, AA1008, AA1009, AA1010, AA1011, AA1012, AA1013, AA1014, AA1015, AA1016, AA1017, AA1018, AA1019, AA1020, AA1021, AA1022, AA1023, AA1030, AA1031,);
			path = PylonRack;
			sourceTree = "<group>";
		};
		TEST_GRP = {
			isa = PBXGroup;
			children = (BB1001, BB1002, BB1003, BB1004, BB1005, BB1006, BB1007,);
			path = PylonRackTests;
			sourceTree = "<group>";
		};
		FW_GRP = { isa = PBXGroup; children = (BB1010,); name = Frameworks; sourceTree = "<group>"; };
/* End PBXGroup section */

/* Begin PBXTargetDependency section */
		TGT_DEP = {
			isa = PBXTargetDependency;
			target = AA_TGT;
			targetProxy = TGT_PROXY;
		};
/* End PBXTargetDependency section */

/* Begin PBXNativeTarget section */
		AA_TGT = {
			isa = PBXNativeTarget;
			buildConfigurationList = AA_CFGLIST;
			buildPhases = (AA_SRC, AA_FW, AA_RES,);
			buildRules = ();
			dependencies = ();
			name = PylonRack;
			productName = PylonRack;
			productReference = AA0099;
			productType = "com.apple.product-type.application";
		};
		BB_TGT = {
			isa = PBXNativeTarget;
			buildConfigurationList = BB_CFGLIST;
			buildPhases = (BB_SRC, BB_FW,);
			buildRules = ();
			dependencies = (TGT_DEP,);
			name = PylonRackTests;
			productName = PylonRackTests;
			productReference = BB0099;
			productType = "com.apple.product-type.bundle.unit-test";
		};
/* End PBXNativeTarget section */

/* Begin PBXProject section */
		PROJECT = {
			isa = PBXProject;
			attributes = {
				BuildIndependentTargetsInParallel = 1;
				LastSwiftUpdateCheck = 1540;
				LastUpgradeCheck = 1540;
				TargetAttributes = {
					AA_TGT = { CreatedOnToolsVersion = 15.4; };
					BB_TGT = { CreatedOnToolsVersion = 15.4; TestTargetID = AA_TGT; };
				};
			};
			buildConfigurationList = PROJ_CFGLIST;
			compatibilityVersion = "Xcode 14.0";
			developmentRegion = en;
			hasScannedForEncodings = 0;
			knownRegions = (en, Base,);
			mainGroup = ROOT_GRP;
			productRefGroup = PROD_GRP;
			projectDirPath = "";
			projectRoot = "";
			targets = (AA_TGT, BB_TGT,);
		};
/* End PBXProject section */

/* Begin PBXResourcesBuildPhase section */
		AA_RES = { isa = PBXResourcesBuildPhase; buildActionMask = 2147483647; files = (AA0030, AA0031,); runOnlyForDeploymentPostprocessing = 0; };
/* End PBXResourcesBuildPhase section */

/* Begin PBXSourcesBuildPhase section */
		AA_SRC = { isa = PBXSourcesBuildPhase; buildActionMask = 2147483647; files = (AA0001, AA0002, AA0003, AA0004, AA0005, AA0006, AA0007, AA0008, AA0009, AA0010, AA0011, AA0012, AA0013, AA0014, AA0015, AA0016, AA0017, AA0018, AA0019, AA0020, AA0021, AA0022, AA0023,); runOnlyForDeploymentPostprocessing = 0; };
		BB_SRC = { isa = PBXSourcesBuildPhase; buildActionMask = 2147483647; files = (BB0001, BB0002, BB0003, BB0004, BB0005, BB0006, BB0007, BS0001, BS0002, BS0003, BS0004, BS0005, BS0006, BS0007, BS0008, BS0009, BS0010, BS0011, BS0012,); runOnlyForDeploymentPostprocessing = 0; };
/* End PBXSourcesBuildPhase section */

/* Begin XCBuildConfiguration section */
		PROJ_DBG = {
			isa = XCBuildConfiguration;
			buildSettings = {
				ALWAYS_SEARCH_USER_PATHS = NO;
				CLANG_ENABLE_MODULES = YES;
				CLANG_ENABLE_OBJC_ARC = YES;
				COPY_PHASE_STRIP = NO;
				DEBUG_INFORMATION_FORMAT = dwarf;
				GCC_OPTIMIZATION_LEVEL = 0;
				GCC_PREPROCESSOR_DEFINITIONS = ("DEBUG=1", "$(inherited)",);
				MACOSX_DEPLOYMENT_TARGET = 14.0;
				ONLY_ACTIVE_ARCH = YES;
				SDKROOT = macosx;
				SWIFT_ACTIVE_COMPILATION_CONDITIONS = "DEBUG $(inherited)";
				SWIFT_OPTIMIZATION_LEVEL = "-Onone";
			};
			name = Debug;
		};
		PROJ_REL = {
			isa = XCBuildConfiguration;
			buildSettings = {
				ALWAYS_SEARCH_USER_PATHS = NO;
				CLANG_ENABLE_MODULES = YES;
				CLANG_ENABLE_OBJC_ARC = YES;
				COPY_PHASE_STRIP = NO;
				DEBUG_INFORMATION_FORMAT = "dwarf-with-dsym";
				ENABLE_NS_ASSERTIONS = NO;
				MACOSX_DEPLOYMENT_TARGET = 14.0;
				SDKROOT = macosx;
				SWIFT_COMPILATION_MODE = wholemodule;
			};
			name = Release;
		};
		AA_DBG = {
			isa = XCBuildConfiguration;
			buildSettings = {
				ASETCATALOG_COMPILER_APPICON_NAME = AppIcon;
				ASETCATALOG_COMPILER_GLOBAL_ACCENT_COLOR_NAME = AccentColor;
				CODE_SIGN_STYLE = Automatic;
				COMBINE_HIDPI_IMAGES = YES;
				CURRENT_PROJECT_VERSION = 1;
				DEVELOPMENT_TEAM = "";
				ENABLE_HARDENED_RUNTIME = YES;
				GENERATE_INFOPLIST_FILE = YES;
				INFOPLIST_FILE = PylonRack/Info.plist;
				INFOPLIST_KEY_LSUIElement = YES;
				INFOPLIST_KEY_NSPrincipalClass = NSApplication;
				LD_RUNPATH_SEARCH_PATHS = ("$(inherited)", "@executable_path/../Frameworks",);
				MACOSX_DEPLOYMENT_TARGET = 14.0;
				MARKETING_VERSION = 1.0;
				OTHER_LDFLAGS = ("-framework", "WebKit",);
				PRODUCT_BUNDLE_IDENTIFIER = com.marianvid.pylonrack;
				PRODUCT_NAME = "$(TARGET_NAME)";
				DEFINES_MODULE = YES;
				SWIFT_EMIT_LOC_STRINGS = YES;
				SWIFT_VERSION = 5.0;
			};
			name = Debug;
		};
		AA_REL = {
			isa = XCBuildConfiguration;
			buildSettings = {
				ASETCATALOG_COMPILER_APPICON_NAME = AppIcon;
				ASETCATALOG_COMPILER_GLOBAL_ACCENT_COLOR_NAME = AccentColor;
				CODE_SIGN_STYLE = Automatic;
				COMBINE_HIDPI_IMAGES = YES;
				CURRENT_PROJECT_VERSION = 1;
				DEVELOPMENT_TEAM = "";
				ENABLE_HARDENED_RUNTIME = YES;
				GENERATE_INFOPLIST_FILE = YES;
				INFOPLIST_FILE = PylonRack/Info.plist;
				INFOPLIST_KEY_LSUIElement = YES;
				INFOPLIST_KEY_NSPrincipalClass = NSApplication;
				LD_RUNPATH_SEARCH_PATHS = ("$(inherited)", "@executable_path/../Frameworks",);
				MACOSX_DEPLOYMENT_TARGET = 14.0;
				MARKETING_VERSION = 1.0;
				OTHER_LDFLAGS = ("-framework", "WebKit",);
				PRODUCT_BUNDLE_IDENTIFIER = com.marianvid.pylonrack;
				PRODUCT_NAME = "$(TARGET_NAME)";
				DEFINES_MODULE = YES;
				SWIFT_EMIT_LOC_STRINGS = YES;
				SWIFT_VERSION = 5.0;
			};
			name = Release;
		};
		BB_DBG = {
			isa = XCBuildConfiguration;
			buildSettings = {
				CODE_SIGN_STYLE = Automatic;
				DEVELOPMENT_TEAM = "";
				GENERATE_INFOPLIST_FILE = YES;
				LD_RUNPATH_SEARCH_PATHS = ("$(inherited)", "@loader_path/../Frameworks",);
				MACOSX_DEPLOYMENT_TARGET = 14.0;
				PRODUCT_BUNDLE_IDENTIFIER = com.marianvid.pylonrack.tests;
				PRODUCT_NAME = "$(TARGET_NAME)";
				SDKROOT = macosx;
				SWIFT_VERSION = 5.0;
			};
			name = Debug;
		};
		BB_REL = {
			isa = XCBuildConfiguration;
			buildSettings = {
				CODE_SIGN_STYLE = Automatic;
				DEVELOPMENT_TEAM = "";
				GENERATE_INFOPLIST_FILE = YES;
				LD_RUNPATH_SEARCH_PATHS = ("$(inherited)", "@loader_path/../Frameworks",);
				MACOSX_DEPLOYMENT_TARGET = 14.0;
				PRODUCT_BUNDLE_IDENTIFIER = com.marianvid.pylonrack.tests;
				PRODUCT_NAME = "$(TARGET_NAME)";
				SDKROOT = macosx;
				SWIFT_VERSION = 5.0;
			};
			name = Release;
		};
/* End XCBuildConfiguration section */

/* Begin XCConfigurationList section */
		PROJ_CFGLIST = { isa = XCConfigurationList; buildConfigurations = (PROJ_DBG, PROJ_REL,); defaultConfigurationIsVisible = 0; defaultConfigurationName = Release; };
		AA_CFGLIST = { isa = XCConfigurationList; buildConfigurations = (AA_DBG, AA_REL,); defaultConfigurationIsVisible = 0; defaultConfigurationName = Release; };
		BB_CFGLIST = { isa = XCConfigurationList; buildConfigurations = (BB_DBG, BB_REL,); defaultConfigurationIsVisible = 0; defaultConfigurationName = Release; };
/* End XCConfigurationList section */

	};
	rootObject = PROJECT;
}